
Microsoft Visual Studio Solution File, Format Version 12.00
# Visual Studio Version 16
VisualStudioVersion = 16.0.30611.23
MinimumVisualStudioVersion = 10.0.40219.1
Project("{2150E333-8FDC-42A3-9474-1A3956D46DE8}") = "1 - Services", "1 - Services", "{DED6BB9F-0AAC-41FF-ACA5-065A2C474078}"
EndProject
Project("{2150E333-8FDC-42A3-9474-1A3956D46DE8}") = "2 - Application", "2 - Application", "{C0F89623-D0AB-4E46-99DF-9C08FB187E71}"
EndProject
Project("{2150E333-8FDC-42A3-9474-1A3956D46DE8}") = "3 - Domain", "3 - Domain", "{A0E73081-D03B-4646-8291-A9757536681A}"
EndProject
Project("{2150E333-8FDC-42A3-9474-1A3956D46DE8}") = "4 - Infra", "4 - Infra", "{E797BABC-1F80-42FB-A88A-BBE94ED28770}"
EndProject
Project("{2150E333-8FDC-42A3-9474-1A3956D46DE8}") = "4.1 - Data", "4.1 - Data", "{B5E8C8C2-AC56-4709-BF69-FB39900B254F}"
EndProject
Project("{2150E333-8FDC-42A3-9474-1A3956D46DE8}") = "4.2 - CrossCutting", "4.2 - CrossCutting", "{A0AF933F-CFB5-4D35-A66F-1D16BB4D9D3F}"
EndProject
Project("{FAE04EC0-301F-11D3-BF4B-00C04F79EFBC}") = "SCHEDULE.API.Domain", "SCHEDULE.API.Domain\SCHEDULE.API.Domain.csproj", "{56BF8ABA-83FE-46BC-963F-D9D4E368DFA3}"
EndProject
Project("{FAE04EC0-301F-11D3-BF4B-00C04F79EFBC}") = "SCHEDULE.API.Domain.Core", "SCHEDULE.API.Domain.Core\SCHEDULE.API.Domain.Core.csproj", "{CD36BC26-A42E-4C9E-A49B-20E8A97B406F}"
EndProject
Project("{FAE04EC0-301F-11D3-BF4B-00C04F79EFBC}") = "SCHEDULE.API.Domain.Services", "SCHEDULE.API.Domain.Services\SCHEDULE.API.Domain.Services.csproj", "{1D22262D-1476-479F-BE8B-736DEA4C9CCD}"
EndProject
Project("{FAE04EC0-301F-11D3-BF4B-00C04F79EFBC}") = "SCHEDULE.API.Infra.Data", "SCHEDULE.API.Data.Repositories\SCHEDULE.API.Infra.Data.csproj", "{03F8CE9A-E82C-49EA-8631-9421C7703DA5}"
EndProject
Project("{FAE04EC0-301F-11D3-BF4B-00C04F79EFBC}") = "SCHEDULE.API.Infra.CrossCutting.IOC", "SCHEDULE.API.Data.CrossCutting.IOC\SCHEDULE.API.Infra.CrossCutting.IOC.csproj", "{1CEDE192-9A8A-41E4-B326-EE83920C579C}"
EndProject
Project("{FAE04EC0-301F-11D3-BF4B-00C04F79EFBC}") = "SCHEDULE.API.Application", "SCHEDULE.API.Application\SCHEDULE.API.Application.csproj", "{E72A8E09-9F87-4052-B67A-8078A06C425D}"
EndProject
Project("{FAE04EC0-301F-11D3-BF4B-00C04F79EFBC}") = "SCHEDULE.API.Application.DTO", "SCHEDULE.API.Application.DTO\SCHEDULE.API.Application.DTO.csproj", "{AEE21CCF-FADE-479E-B3F4-FBEA2930F13A}"
EndProject
Project("{FAE04EC0-301F-11D3-BF4B-00C04F79EFBC}") = "SCHEDULE.API.Infra.Data.Repositories", "SCHEDULE.API.Infra.Repositories\SCHEDULE.API.Infra.Data.Repositories.csproj", "{FC00090B-8D84-496F-9B47-21C009EFF6C3}"
EndProject
Project("{FAE04EC0-301F-11D3-BF4B-00C04F79EFBC}") = "SCHEDULE.API.Infra.CrossCutting.Adapter", "SCHEDULE.API.Infra.CrossCutting.Adapter\SCHEDULE.API.Infra.CrossCutting.Adapter.csproj", "{49D10423-563C-436C-BD75-39B286404BF0}"
EndProject
Project("{FAE04EC0-301F-11D3-BF4B-00C04F79EFBC}") = "SCHEDULE", "SCHEDULE\SCHEDULE.csproj", "{8918EA60-7F9E-4AF2-B433-3C29C6845187}"
EndProject
Global
	GlobalSection(SolutionConfigurationPlatforms) = preSolution
		Debug|Any CPU = Debug|Any CPU
		Release|Any CPU = Release|Any CPU
	EndGlobalSection
	GlobalSection(ProjectConfigurationPlatforms) = postSolution
		{56BF8ABA-83FE-46BC-963F-D9D4E368DFA3}.Debug|Any CPU.ActiveCfg = Debug|Any CPU
		{56BF8ABA-83FE-46BC-963F-D9D4E368DFA3}.Debug|Any CPU.Build.0 = Debug|Any CPU
		{56BF8ABA-83FE-46BC-963F-D9D4E368DFA3}.Release|Any CPU.ActiveCfg = Release|Any CPU
		{56BF8ABA-83FE-46BC-963F-D9D4E368DFA3}.Release|Any CPU.Build.0 = Release|Any CPU
		{CD36BC26-A42E-4C9E-A49B-20E8A97B406F}.Debug|Any CPU.ActiveCfg = Debug|Any CPU
		{CD36BC26-A42E-4C9E-A49B-20E8A97B406F}.Debug|Any CPU.Build.0 = Debug|Any CPU
		{CD36BC26-A42E-4C9E-A49B-20E8A97B406F}.Release|Any CPU.ActiveCfg = Release|Any CPU
		{CD36BC26-A42E-4C9E-A49B-20E8A97B406F}.Release|Any CPU.Build.0 = Release|Any CPU
		{1D22262D-1476-479F-BE8B-736DEA4C9CCD}.Debug|Any CPU.ActiveCfg = Debug|Any CPU
		{1D22262D-1476-479F-BE8B-736DEA4C9CCD}.Debug|Any CPU.Build.0 = Debug|Any CPU
		{1D22262D-1476-479F-BE8B-736DEA4C9CCD}.Release|Any CPU.ActiveCfg = Release|Any CPU
		{1D22262D-1476-479F-BE8B-736DEA4C9CCD}.Release|Any CPU.Build.0 = Release|Any CPU
		{03F8CE9A-E82C-49EA-8631-9421C7703DA5}.Debug|Any CPU.ActiveCfg = Debug|Any CPU
		{03F8CE9A-E82C-49EA-8631-9421C7703DA5}.Debug|Any CPU.Build.0 = Debug|Any CPU
		{03F8CE9A-E82C-49EA-8631-9421C7703DA5}.Release|Any CPU.ActiveCfg = Release|Any CPU
		{03F8CE9A-E82C-49EA-8631-9421C7703DA5}.Release|Any CPU.Build.0 = Release|Any CPU
		{1CEDE192-9A8A-41E4-B326-EE83920C579C}.Debug|Any CPU.ActiveCfg = Debug|Any CPU
		{1CEDE192-9A8A-41E4-B326-EE83920C579C}.Debug|Any CPU.Build.0 = Debug|Any CPU
		{1CEDE192-9A8A-41E4-B326-EE83920C579C}.Release|Any CPU.ActiveCfg = Release|Any CPU
		{1CEDE192-9A8A-41E4-B326-EE83920C579C}.Release|Any CPU.Build.0 = Release|Any CPU
		{E72A8E09-9F87-4052-B67A-8078A06C425D}.Debug|Any CPU.ActiveCfg = Debug|Any CPU
		{E72A8E09-9F87-4052-B67A-8078A06C425D}.Debug|Any CPU.Build.0 = Debug|Any CPU
		{E72A8E09-9F87-4052-B67A-8078A06C425D}.Release|Any CPU.ActiveCfg = Release|Any CPU
		{E72A8E09-9F87-4052-B67A-8078A06C425D}.Release|Any CPU.Build.0 = Release|Any CPU
		{AEE21CCF-FADE-479E-B3F4-FBEA2930F13A}.Debug|Any CPU.ActiveCfg = Debug|Any CPU
		{AEE21CCF-FADE-479E-B3F4-FBEA2930F13A}.Debug|Any CPU.Build.0 = Debug|Any CPU
		{AEE21CCF-FADE-479E-B3F4-FBEA2930F13A}.Release|Any CPU.ActiveCfg = Release|Any CPU
		{AEE21CCF-FADE-479E-B3F4-FBEA2930F13A}.Release|Any CPU.Build.0 = Release|Any CPU
		{FC00090B-8D84-496F-9B47-21C009EFF6C3}.Debug|Any CPU.ActiveCfg = Debug|Any CPU
		{FC00090B-8D84-496F-9B47-21C009EFF6C3}.Debug|Any CPU.Build.0 = Debug|Any CPU
		{FC00090B-8D84-496F-9B47-21C009EFF6C3}.Release|Any CPU.ActiveCfg = Release|Any CPU
		{FC00090B-8D84-496F-9B47-21C009EFF6C3}.Release|Any CPU.Build.0 = Release|Any CPU
		{49D10423-563C-436C-BD75-39B286404BF0}.Debug|Any CPU.ActiveCfg = Debug|Any CPU
		{49D10423-563C-436C-BD75-39B286404BF0}.Debug|Any CPU.Build.0 = Debug|Any CPU
		{49D10423-563C-436C-BD75-39B286404BF0}.Release|Any CPU.ActiveCfg = Release|Any CPU
		{49D10423-563C-436C-BD75-39B286404BF0}.Release|Any CPU.Build.0 = Release|Any CPU
		{8918EA60-7F9E-4AF2-B433-3C29C6845187}.Debug|Any CPU.ActiveCfg = Debug|Any CPU
		{8918EA60-7F9E-4AF2-B433-3C29C6845187}.Debug|Any CPU.Build.0 = Debug|Any CPU
		{8918EA60-7F9E-4AF2-B433-3C29C6845187}.Release|Any CPU.ActiveCfg = Release|Any CPU
		{8918EA60-7F9E-4AF2-B433-3C29C6845187}.Release|Any CPU.Build.0 = Release|Any CPU
	EndGlobalSection
	GlobalSection(SolutionProperties) = preSolution
		HideSolutionNode = FALSE
	EndGlobalSection
	GlobalSection(NestedProjects) = preSolution
		{B5E8C8C2-AC56-4709-BF69-FB39900B254F} = {E797BABC-1F80-42FB-A88A-BBE94ED28770}
		{A0AF933F-CFB5-4D35-A66F-1D16BB4D9D3F} = {E797BABC-1F80-42FB-A88A-BBE94ED28770}
		{56BF8ABA-83FE-46BC-963F-D9D4E368DFA3} = {A0E73081-D03B-4646-8291-A9757536681A}
		{CD36BC26-A42E-4C9E-A49B-20E8A97B406F} = {A0E73081-D03B-4646-8291-A9757536681A}
		{1D22262D-1476-479F-BE8B-736DEA4C9CCD} = {A0E73081-D03B-4646-8291-A9757536681A}
		{03F8CE9A-E82C-49EA-8631-9421C7703DA5} = {B5E8C8C2-AC56-4709-BF69-FB39900B254F}
		{1CEDE192-9A8A-41E4-B326-EE83920C579C} = {A0AF933F-CFB5-4D35-A66F-1D16BB4D9D3F}
		{E72A8E09-9F87-4052-B67A-8078A06C425D} = {C0F89623-D0AB-4E46-99DF-9C08FB187E71}
		{AEE21CCF-FADE-479E-B3F4-FBEA2930F13A} = {C0F89623-D0AB-4E46-99DF-9C08FB187E71}
		{FC00090B-8D84-496F-9B47-21C009EFF6C3} = {B5E8C8C2-AC56-4709-BF69-FB39900B254F}
		{49D10423-563C-436C-BD75-39B286404BF0} = {A0AF933F-CFB5-4D35-A66F-1D16BB4D9D3F}
		{8918EA60-7F9E-4AF2-B433-3C29C6845187} = {DED6BB9F-0AAC-41FF-ACA5-065A2C474078}
	EndGlobalSection
	GlobalSection(ExtensibilityGlobals) = postSolution
		SolutionGuid = {5446FFC9-2FBD-405D-B218-9279AA07C19D}
	EndGlobalSection
EndGlobal
